{
  "originHash" : "6be7d1af4d97009e6794973079f08bfd6c2ed010660321f7d9e0efa93cdbbcbc",
  "pins" : [
    {
      "identity" : "swift-log",
      "kind" : "remoteSourceControl",
      "location" : "https://github.com/apple/swift-log",
      "state" : {
        "revision" : "bbd81b6725ae874c69e9b8c8804d462356b55523",
        "version" : "1.10.1"
      }
    },
    {
      "identity" : "swifthelpers",
      "kind" : "remoteSourceControl",
      "location" : "https://github.com/stalkermv/SwiftHelpers.git",
      "state" : {
        "revision" : "b66dc865eae22bdf7149cfb0e59fbcfd059b719e",
        "version" : "1.0.2"
      }
    }
  ],
  "version" : 3
}
